# Code generated by scarb DO NOT EDIT.
version = 1

[[package]]
name = "bounded_int"
version = "0.1.0"
source = "git+https://github.com/starkware-libs/stwo-cairo?rev=c273eed286f20681d9e94aa7a7125b8fea8d7a85#c273eed286f20681d9e94aa7a7125b8fea8d7a85"

[[package]]
name = "stone_wrapper"
version = "0.1.0"
dependencies = [
 "stwo_cairo_air",
]

[[package]]
name = "stwo_cairo_air"
version = "0.1.0"
source = "git+https://github.com/starkware-libs/stwo-cairo?rev=c273eed286f20681d9e94aa7a7125b8fea8d7a85#c273eed286f20681d9e94aa7a7125b8fea8d7a85"
dependencies = [
 "bounded_int",
 "stwo_constraint_framework",
 "stwo_verifier_core",
 "stwo_verifier_utils",
]

[[package]]
name = "stwo_constraint_framework"
version = "0.1.0"
source = "git+https://github.com/starkware-libs/stwo-cairo?rev=c273eed286f20681d9e94aa7a7125b8fea8d7a85#c273eed286f20681d9e94aa7a7125b8fea8d7a85"
dependencies = [
 "stwo_verifier_core",
]

[[package]]
name = "stwo_verifier_core"
version = "0.1.0"
source = "git+https://github.com/starkware-libs/stwo-cairo?rev=c273eed286f20681d9e94aa7a7125b8fea8d7a85#c273eed286f20681d9e94aa7a7125b8fea8d7a85"
dependencies = [
 "bounded_int",
 "stwo_verifier_utils",
]

[[package]]
name = "stwo_verifier_utils"
version = "0.1.0"
source = "git+https://github.com/starkware-libs/stwo-cairo?rev=c273eed286f20681d9e94aa7a7125b8fea8d7a85#c273eed286f20681d9e94aa7a7125b8fea8d7a85"
